
Microsoft Visual Studio Solution File, Format Version 12.00
# Visual Studio 15
Project("{FAE04EC0-301F-11D3-BF4B-00C04F79EFBC}") = "projCsh3", "projCsh3\projCsh3.csproj", "{67017406-6103-42C2-A9B5-EEA72B4E1C4A}"
EndProject
Global
	GlobalSection(SolutionConfigurationPlatforms) = preSolution
		Debug|Any CPU = Debug|Any CPU
		Release|Any CPU = Release|Any CPU
	EndGlobalSection
	GlobalSection(ProjectConfigurationPlatforms) = postSolution
		{67017406-6103-42C2-A9B5-EEA72B4E1C4A}.Debug|Any CPU.ActiveCfg = Debug|Any CPU
		{67017406-6103-42C2-A9B5-EEA72B4E1C4A}.Debug|Any CPU.Build.0 = Debug|Any CPU
		{67017406-6103-42C2-A9B5-EEA72B4E1C4A}.Release|Any CPU.ActiveCfg = Release|Any CPU
		{67017406-6103-42C2-A9B5-EEA72B4E1C4A}.Release|Any CPU.Build.0 = Release|Any CPU
	EndGlobalSection
EndGlobal
